
Microsoft Visual Studio Solution File, Format Version 12.00
Project("{FAE04EC0-301F-11D3-BF4B-00C04F79EFBC}") = "BarcodeScanner", "BarcodeScanner\BarcodeScanner.csproj", "{FABB8BC3-21C4-42D1-8658-49A0CD668504}"
EndProject
Project("{FAE04EC0-301F-11D3-BF4B-00C04F79EFBC}") = "BarcodeScanner.AcceptanceTests", "BarcodeScanner.AcceptanceTests\BarcodeScanner.AcceptanceTests.csproj", "{67D93C39-D3AB-4A28-9E8A-BBE96EEBA965}"
EndProject
Project("{FAE04EC0-301F-11D3-BF4B-00C04F79EFBC}") = "BarcodeScanner.Tests", "BarcodeScanner.Tests\BarcodeScanner.Tests.csproj", "{85E428E9-4DC6-48EF-8C38-4D6CF31D664A}"
EndProject
Global
	GlobalSection(SolutionConfigurationPlatforms) = preSolution
		Debug|Any CPU = Debug|Any CPU
		Release|Any CPU = Release|Any CPU
	EndGlobalSection
	GlobalSection(ProjectConfigurationPlatforms) = postSolution
		{FABB8BC3-21C4-42D1-8658-49A0CD668504}.Debug|Any CPU.ActiveCfg = Debug|Any CPU
		{FABB8BC3-21C4-42D1-8658-49A0CD668504}.Debug|Any CPU.Build.0 = Debug|Any CPU
		{FABB8BC3-21C4-42D1-8658-49A0CD668504}.Release|Any CPU.ActiveCfg = Release|Any CPU
		{FABB8BC3-21C4-42D1-8658-49A0CD668504}.Release|Any CPU.Build.0 = Release|Any CPU
		{67D93C39-D3AB-4A28-9E8A-BBE96EEBA965}.Debug|Any CPU.ActiveCfg = Debug|Any CPU
		{67D93C39-D3AB-4A28-9E8A-BBE96EEBA965}.Debug|Any CPU.Build.0 = Debug|Any CPU
		{67D93C39-D3AB-4A28-9E8A-BBE96EEBA965}.Release|Any CPU.ActiveCfg = Release|Any CPU
		{67D93C39-D3AB-4A28-9E8A-BBE96EEBA965}.Release|Any CPU.Build.0 = Release|Any CPU
		{85E428E9-4DC6-48EF-8C38-4D6CF31D664A}.Debug|Any CPU.ActiveCfg = Debug|Any CPU
		{85E428E9-4DC6-48EF-8C38-4D6CF31D664A}.Debug|Any CPU.Build.0 = Debug|Any CPU
		{85E428E9-4DC6-48EF-8C38-4D6CF31D664A}.Release|Any CPU.ActiveCfg = Release|Any CPU
		{85E428E9-4DC6-48EF-8C38-4D6CF31D664A}.Release|Any CPU.Build.0 = Release|Any CPU
	EndGlobalSection
EndGlobal
